// !$*UTF8*$!
{
	archiveVersion = 1;
	classes = {
	};
	objectVersion = 46;
	objects = {

/* Begin PBXBuildFile section */
		9478A45EE6E3BA1C8AEA9885 /* Pods_VIPER_SWIFT3.framework in Frameworks */ = {isa = PBXBuildFile; fileRef = 1F615FF3F4A8E2DB4E8901FD /* Pods_VIPER_SWIFT3.framework */; };
		D518FD591E00350900389E0F /* AddWireframe.swift in Sources */ = {isa = PBXBuildFile; fileRef = D518FD581E00350900389E0F /* AddWireframe.swift */; };
		D518FD5B1E004B0200389E0F /* ListInteractorInput.swift in Sources */ = {isa = PBXBuildFile; fileRef = D518FD5A1E004B0200389E0F /* ListInteractorInput.swift */; };
		D518FD5D1E004B3D00389E0F /* ListInteractorOutput.swift in Sources */ = {isa = PBXBuildFile; fileRef = D518FD5C1E004B3D00389E0F /* ListInteractorOutput.swift */; };
		D530597B1E00D70E00E616D4 /* ListInterator.swift in Sources */ = {isa = PBXBuildFile; fileRef = D530597A1E00D70E00E616D4 /* ListInterator.swift */; };
		D530597E1E00E69C00E616D4 /* API.swift in Sources */ = {isa = PBXBuildFile; fileRef = D530597D1E00E69C00E616D4 /* API.swift */; };
		D53059801E00E81800E616D4 /* AppDependencies.swift in Sources */ = {isa = PBXBuildFile; fileRef = D530597F1E00E81800E616D4 /* AppDependencies.swift */; };
		D53059821E02266300E616D4 /* AddTableViewController.swift in Sources */ = {isa = PBXBuildFile; fileRef = D53059811E02266300E616D4 /* AddTableViewController.swift */; };
		D53059841E0226C800E616D4 /* AddModuleProtocol.swift in Sources */ = {isa = PBXBuildFile; fileRef = D53059831E0226C800E616D4 /* AddModuleProtocol.swift */; };
		D53059861E02277900E616D4 /* AddModuleDelegate.swift in Sources */ = {isa = PBXBuildFile; fileRef = D53059851E02277900E616D4 /* AddModuleDelegate.swift */; };
		D53059881E0228C200E616D4 /* AddPresenter.swift in Sources */ = {isa = PBXBuildFile; fileRef = D53059871E0228C200E616D4 /* AddPresenter.swift */; };
		D530598A1E02294200E616D4 /* AddInteractor.swift in Sources */ = {isa = PBXBuildFile; fileRef = D53059891E02294200E616D4 /* AddInteractor.swift */; };
		D530598C1E02298600E616D4 /* AddInteractorIO.swift in Sources */ = {isa = PBXBuildFile; fileRef = D530598B1E02298600E616D4 /* AddInteractorIO.swift */; };
		D58015481DFE3BC200A7068D /* AppDelegate.swift in Sources */ = {isa = PBXBuildFile; fileRef = D58015471DFE3BC200A7068D /* AppDelegate.swift */; };
		D580154D1DFE3BC200A7068D /* Main.storyboard in Resources */ = {isa = PBXBuildFile; fileRef = D580154B1DFE3BC200A7068D /* Main.storyboard */; };
		D580154F1DFE3BC200A7068D /* Assets.xcassets in Resources */ = {isa = PBXBuildFile; fileRef = D580154E1DFE3BC200A7068D /* Assets.xcassets */; };
		D58015521DFE3BC200A7068D /* LaunchScreen.storyboard in Resources */ = {isa = PBXBuildFile; fileRef = D58015501DFE3BC200A7068D /* LaunchScreen.storyboard */; };
		D5F1ED851DFFF713009DCEE6 /* RootWireframe.swift in Sources */ = {isa = PBXBuildFile; fileRef = D5F1ED841DFFF713009DCEE6 /* RootWireframe.swift */; };
		D5F1ED871DFFF7D7009DCEE6 /* Model.swift in Sources */ = {isa = PBXBuildFile; fileRef = D5F1ED861DFFF7D7009DCEE6 /* Model.swift */; };
		D5F1ED891DFFF8C6009DCEE6 /* ListWireframe.swift in Sources */ = {isa = PBXBuildFile; fileRef = D5F1ED881DFFF8C6009DCEE6 /* ListWireframe.swift */; };
		D5F1ED8D1DFFF907009DCEE6 /* ArticleTableViewCell.swift in Sources */ = {isa = PBXBuildFile; fileRef = D5F1ED8A1DFFF907009DCEE6 /* ArticleTableViewCell.swift */; };
		D5F1ED8E1DFFF907009DCEE6 /* ArticleTableViewCell.xib in Resources */ = {isa = PBXBuildFile; fileRef = D5F1ED8B1DFFF907009DCEE6 /* ArticleTableViewCell.xib */; };
		D5F1ED8F1DFFF907009DCEE6 /* ListTableViewController.swift in Sources */ = {isa = PBXBuildFile; fileRef = D5F1ED8C1DFFF907009DCEE6 /* ListTableViewController.swift */; };
		D5F1ED911DFFFC01009DCEE6 /* ListViewProtocol.swift in Sources */ = {isa = PBXBuildFile; fileRef = D5F1ED901DFFFC01009DCEE6 /* ListViewProtocol.swift */; };
		D5F1ED931DFFFDC3009DCEE6 /* ArticleList.swift in Sources */ = {isa = PBXBuildFile; fileRef = D5F1ED921DFFFDC3009DCEE6 /* ArticleList.swift */; };
		D5F1ED951DFFFE76009DCEE6 /* ListPresenter.swift in Sources */ = {isa = PBXBuildFile; fileRef = D5F1ED941DFFFE76009DCEE6 /* ListPresenter.swift */; };
		D5F1ED9A1DFFFFDE009DCEE6 /* ListModuleProtocol.swift in Sources */ = {isa = PBXBuildFile; fileRef = D5F1ED991DFFFFDE009DCEE6 /* ListModuleProtocol.swift */; };
/* End PBXBuildFile section */

/* Begin PBXFileReference section */
		0620FDA352762BA6819616C2 /* Pods-VIPER-SWIFT3.debug.xcconfig */ = {isa = PBXFileReference; includeInIndex = 1; lastKnownFileType = text.xcconfig; name = "Pods-VIPER-SWIFT3.debug.xcconfig"; path = "Pods/Target Support Files/Pods-VIPER-SWIFT3/Pods-VIPER-SWIFT3.debug.xcconfig"; sourceTree = "<group>"; };
		1F615FF3F4A8E2DB4E8901FD /* Pods_VIPER_SWIFT3.framework */ = {isa = PBXFileReference; explicitFileType = wrapper.framework; includeInIndex = 0; path = Pods_VIPER_SWIFT3.framework; sourceTree = BUILT_PRODUCTS_DIR; };
		C1F2F43D469E3E41F1D4D928 /* Pods-VIPER-SWIFT3.release.xcconfig */ = {isa = PBXFileReference; includeInIndex = 1; lastKnownFileType = text.xcconfig; name = "Pods-VIPER-SWIFT3.release.xcconfig"; path = "Pods/Target Support Files/Pods-VIPER-SWIFT3/Pods-VIPER-SWIFT3.release.xcconfig"; sourceTree = "<group>"; };
		D518FD581E00350900389E0F /* AddWireframe.swift */ = {isa = PBXFileReference; fileEncoding = 4; lastKnownFileType = sourcecode.swift; name = AddWireframe.swift; path = "Modules/Add Article/User Interface/Router/AddWireframe.swift"; sourceTree = "<group>"; };
		D518FD5A1E004B0200389E0F /* ListInteractorInput.swift */ = {isa = PBXFileReference; fileEncoding = 4; lastKnownFileType = sourcecode.swift; name = ListInteractorInput.swift; path = "Modules/List Article/Application Logic/Interactor/ListInteractorInput.swift"; sourceTree = "<group>"; };
		D518FD5C1E004B3D00389E0F /* ListInteractorOutput.swift */ = {isa = PBXFileReference; fileEncoding = 4; lastKnownFileType = sourcecode.swift; name = ListInteractorOutput.swift; path = "Modules/List Article/Application Logic/Interactor/ListInteractorOutput.swift"; sourceTree = "<group>"; };
		D530597A1E00D70E00E616D4 /* ListInterator.swift */ = {isa = PBXFileReference; fileEncoding = 4; lastKnownFileType = sourcecode.swift; name = ListInterator.swift; path = "Modules/List Article/Application Logic/Interactor/ListInterator.swift"; sourceTree = "<group>"; };
		D530597D1E00E69C00E616D4 /* API.swift */ = {isa = PBXFileReference; fileEncoding = 4; lastKnownFileType = sourcecode.swift; name = API.swift; path = Common/Utilities/API.swift; sourceTree = "<group>"; };
		D530597F1E00E81800E616D4 /* AppDependencies.swift */ = {isa = PBXFileReference; fileEncoding = 4; lastKnownFileType = sourcecode.swift; path = AppDependencies.swift; sourceTree = "<group>"; };
		D53059811E02266300E616D4 /* AddTableViewController.swift */ = {isa = PBXFileReference; fileEncoding = 4; lastKnownFileType = sourcecode.swift; name = AddTableViewController.swift; path = "Modules/Add Article/User Interface/View/AddTableViewController.swift"; sourceTree = "<group>"; };
		D53059831E0226C800E616D4 /* AddModuleProtocol.swift */ = {isa = PBXFileReference; fileEncoding = 4; lastKnownFileType = sourcecode.swift; path = AddModuleProtocol.swift; sourceTree = "<group>"; };
		D53059851E02277900E616D4 /* AddModuleDelegate.swift */ = {isa = PBXFileReference; fileEncoding = 4; lastKnownFileType = sourcecode.swift; name = AddModuleDelegate.swift; path = "Modules/Add Article/User Interface/View/AddModuleDelegate.swift"; sourceTree = "<group>"; };
		D53059871E0228C200E616D4 /* AddPresenter.swift */ = {isa = PBXFileReference; fileEncoding = 4; lastKnownFileType = sourcecode.swift; name = AddPresenter.swift; path = "Modules/Add Article/User Interface/Presenter/AddPresenter.swift"; sourceTree = "<group>"; };
		D53059891E02294200E616D4 /* AddInteractor.swift */ = {isa = PBXFileReference; fileEncoding = 4; lastKnownFileType = sourcecode.swift; name = AddInteractor.swift; path = "Modules/Add Article/Application Logic/Interactor/AddInteractor.swift"; sourceTree = "<group>"; };
		D530598B1E02298600E616D4 /* AddInteractorIO.swift */ = {isa = PBXFileReference; fileEncoding = 4; lastKnownFileType = sourcecode.swift; name = AddInteractorIO.swift; path = "Modules/Add Article/Application Logic/Interactor/AddInteractorIO.swift"; sourceTree = "<group>"; };
		D58015441DFE3BC200A7068D /* VIPER-SWIFT3.app */ = {isa = PBXFileReference; explicitFileType = wrapper.application; includeInIndex = 0; path = "VIPER-SWIFT3.app"; sourceTree = BUILT_PRODUCTS_DIR; };
		D58015471DFE3BC200A7068D /* AppDelegate.swift */ = {isa = PBXFileReference; lastKnownFileType = sourcecode.swift; path = AppDelegate.swift; sourceTree = "<group>"; };
		D580154C1DFE3BC200A7068D /* Base */ = {isa = PBXFileReference; lastKnownFileType = file.storyboard; name = Base; path = Base.lproj/Main.storyboard; sourceTree = "<group>"; };
		D580154E1DFE3BC200A7068D /* Assets.xcassets */ = {isa = PBXFileReference; lastKnownFileType = folder.assetcatalog; path = Assets.xcassets; sourceTree = "<group>"; };
		D58015511DFE3BC200A7068D /* Base */ = {isa = PBXFileReference; lastKnownFileType = file.storyboard; name = Base; path = Base.lproj/LaunchScreen.storyboard; sourceTree = "<group>"; };
		D58015531DFE3BC200A7068D /* Info.plist */ = {isa = PBXFileReference; lastKnownFileType = text.plist.xml; path = Info.plist; sourceTree = "<group>"; };
		D5F1ED841DFFF713009DCEE6 /* RootWireframe.swift */ = {isa = PBXFileReference; fileEncoding = 4; lastKnownFileType = sourcecode.swift; name = RootWireframe.swift; path = Common/View/RootWireframe.swift; sourceTree = "<group>"; };
		D5F1ED861DFFF7D7009DCEE6 /* Model.swift */ = {isa = PBXFileReference; fileEncoding = 4; lastKnownFileType = sourcecode.swift; name = Model.swift; path = "Common/Data Model/Model.swift"; sourceTree = "<group>"; };
		D5F1ED881DFFF8C6009DCEE6 /* ListWireframe.swift */ = {isa = PBXFileReference; fileEncoding = 4; lastKnownFileType = sourcecode.swift; name = ListWireframe.swift; path = "Modules/List Article/User Interface/Router/ListWireframe.swift"; sourceTree = "<group>"; };
		D5F1ED8A1DFFF907009DCEE6 /* ArticleTableViewCell.swift */ = {isa = PBXFileReference; fileEncoding = 4; lastKnownFileType = sourcecode.swift; name = ArticleTableViewCell.swift; path = "Modules/List Article/User Interface/VIew/ArticleTableViewCell.swift"; sourceTree = "<group>"; };
		D5F1ED8B1DFFF907009DCEE6 /* ArticleTableViewCell.xib */ = {isa = PBXFileReference; fileEncoding = 4; lastKnownFileType = file.xib; name = ArticleTableViewCell.xib; path = "Modules/List Article/User Interface/VIew/ArticleTableViewCell.xib"; sourceTree = "<group>"; };
		D5F1ED8C1DFFF907009DCEE6 /* ListTableViewController.swift */ = {isa = PBXFileReference; fileEncoding = 4; lastKnownFileType = sourcecode.swift; name = ListTableViewController.swift; path = "Modules/List Article/User Interface/VIew/ListTableViewController.swift"; sourceTree = "<group>"; };
		D5F1ED901DFFFC01009DCEE6 /* ListViewProtocol.swift */ = {isa = PBXFileReference; fileEncoding = 4; lastKnownFileType = sourcecode.swift; name = ListViewProtocol.swift; path = "Modules/List Article/User Interface/VIew/ListViewProtocol.swift"; sourceTree = "<group>"; };
		D5F1ED921DFFFDC3009DCEE6 /* ArticleList.swift */ = {isa = PBXFileReference; fileEncoding = 4; lastKnownFileType = sourcecode.swift; name = ArticleList.swift; path = "Modules/List Article/User Interface/Presenter/ArticleList.swift"; sourceTree = "<group>"; };
		D5F1ED941DFFFE76009DCEE6 /* ListPresenter.swift */ = {isa = PBXFileReference; fileEncoding = 4; lastKnownFileType = sourcecode.swift; name = ListPresenter.swift; path = "Modules/List Article/User Interface/Presenter/ListPresenter.swift"; sourceTree = "<group>"; };
		D5F1ED991DFFFFDE009DCEE6 /* ListModuleProtocol.swift */ = {isa = PBXFileReference; fileEncoding = 4; lastKnownFileType = sourcecode.swift; name = ListModuleProtocol.swift; path = "Modules/List Article/Module Protocol/ListModuleProtocol.swift"; sourceTree = "<group>"; };
/* End PBXFileReference section */

/* Begin PBXFrameworksBuildPhase section */
		D58015411DFE3BC200A7068D /* Frameworks */ = {
			isa = PBXFrameworksBuildPhase;
			buildActionMask = 2147483647;
			files = (
				9478A45EE6E3BA1C8AEA9885 /* Pods_VIPER_SWIFT3.framework in Frameworks */,
			);
			runOnlyForDeploymentPostprocessing = 0;
		};
/* End PBXFrameworksBuildPhase section */

/* Begin PBXGroup section */
		D0E901C1FD0351B26AB43BD1 /* Frameworks */ = {
			isa = PBXGroup;
			children = (
				1F615FF3F4A8E2DB4E8901FD /* Pods_VIPER_SWIFT3.framework */,
			);
			name = Frameworks;
			sourceTree = "<group>";
		};
		D518FD501E0033A800389E0F /* Add Article */ = {
			isa = PBXGroup;
			children = (
				D518FD511E0033B500389E0F /* User Interface */,
				D518FD531E0033DA00389E0F /* Module Protocol */,
				D518FD521E0033C200389E0F /* Application Logic */,
			);
			name = "Add Article";
			sourceTree = "<group>";
		};
		D518FD511E0033B500389E0F /* User Interface */ = {
			isa = PBXGroup;
			children = (
				D518FD561E00340A00389E0F /* Router */,
				D518FD551E00340300389E0F /* View */,
				D518FD541E0033EB00389E0F /* Presenter */,
			);
			name = "User Interface";
			sourceTree = "<group>";
		};
		D518FD521E0033C200389E0F /* Application Logic */ = {
			isa = PBXGroup;
			children = (
				D518FD571E00342F00389E0F /* Interactor */,
			);
			name = "Application Logic";
			sourceTree = "<group>";
		};
		D518FD531E0033DA00389E0F /* Module Protocol */ = {
			isa = PBXGroup;
			children = (
				D53059831E0226C800E616D4 /* AddModuleProtocol.swift */,
			);
			name = "Module Protocol";
			sourceTree = "<group>";
		};
		D518FD541E0033EB00389E0F /* Presenter */ = {
			isa = PBXGroup;
			children = (
				D53059871E0228C200E616D4 /* AddPresenter.swift */,
			);
			name = Presenter;
			sourceTree = "<group>";
		};
		D518FD551E00340300389E0F /* View */ = {
			isa = PBXGroup;
			children = (
				D53059811E02266300E616D4 /* AddTableViewController.swift */,
				D53059851E02277900E616D4 /* AddModuleDelegate.swift */,
			);
			name = View;
			sourceTree = "<group>";
		};
		D518FD561E00340A00389E0F /* Router */ = {
			isa = PBXGroup;
			children = (
				D518FD581E00350900389E0F /* AddWireframe.swift */,
			);
			name = Router;
			sourceTree = "<group>";
		};
		D518FD571E00342F00389E0F /* Interactor */ = {
			isa = PBXGroup;
			children = (
				D53059891E02294200E616D4 /* AddInteractor.swift */,
				D530598B1E02298600E616D4 /* AddInteractorIO.swift */,
			);
			name = Interactor;
			sourceTree = "<group>";
		};
		D53059391DFE9DA200E616D4 /* Common */ = {
			isa = PBXGroup;
			children = (
				D530593A1DFE9DBE00E616D4 /* View */,
				D580155D1DFE41F100A7068D /* Data Model */,
				D530597C1E00E67900E616D4 /* Utilities */,
			);
			name = Common;
			sourceTree = "<group>";
		};
		D530593A1DFE9DBE00E616D4 /* View */ = {
			isa = PBXGroup;
			children = (
				D5F1ED841DFFF713009DCEE6 /* RootWireframe.swift */,
			);
			name = View;
			sourceTree = "<group>";
		};
		D530597C1E00E67900E616D4 /* Utilities */ = {
			isa = PBXGroup;
			children = (
				D530597D1E00E69C00E616D4 /* API.swift */,
			);
			name = Utilities;
			sourceTree = "<group>";
		};
		D580153B1DFE3BC200A7068D = {
			isa = PBXGroup;
			children = (
				D58015461DFE3BC200A7068D /* VIPER-SWIFT3 */,
				D58015451DFE3BC200A7068D /* Products */,
				FD445D5324B87D90C18F4B78 /* Pods */,
				D0E901C1FD0351B26AB43BD1 /* Frameworks */,
			);
			sourceTree = "<group>";
		};
		D58015451DFE3BC200A7068D /* Products */ = {
			isa = PBXGroup;
			children = (
				D58015441DFE3BC200A7068D /* VIPER-SWIFT3.app */,
			);
			name = Products;
			sourceTree = "<group>";
		};
		D58015461DFE3BC200A7068D /* VIPER-SWIFT3 */ = {
			isa = PBXGroup;
			children = (
				D53059391DFE9DA200E616D4 /* Common */,
				D580155C1DFE41DD00A7068D /* Modules */,
				D580155A1DFE41BE00A7068D /* Assets */,
				D58015591DFE41B600A7068D /* Storyboard */,
				D580155B1DFE41CD00A7068D /* Resources */,
				D580155E1DFE420D00A7068D /* Supporting Files */,
			);
			path = "VIPER-SWIFT3";
			sourceTree = "<group>";
		};
		D58015591DFE41B600A7068D /* Storyboard */ = {
			isa = PBXGroup;
			children = (
				D580154B1DFE3BC200A7068D /* Main.storyboard */,
				D58015501DFE3BC200A7068D /* LaunchScreen.storyboard */,
			);
			name = Storyboard;
			sourceTree = "<group>";
		};
		D580155A1DFE41BE00A7068D /* Assets */ = {
			isa = PBXGroup;
			children = (
				D580154E1DFE3BC200A7068D /* Assets.xcassets */,
			);
			name = Assets;
			sourceTree = "<group>";
		};
		D580155B1DFE41CD00A7068D /* Resources */ = {
			isa = PBXGroup;
			children = (
				D58015471DFE3BC200A7068D /* AppDelegate.swift */,
				D530597F1E00E81800E616D4 /* AppDependencies.swift */,
			);
			name = Resources;
			sourceTree = "<group>";
		};
		D580155C1DFE41DD00A7068D /* Modules */ = {
			isa = PBXGroup;
			children = (
				D518FD501E0033A800389E0F /* Add Article */,
				D58015611DFE50DB00A7068D /* List Article */,
			);
			name = Modules;
			sourceTree = "<group>";
		};
		D580155D1DFE41F100A7068D /* Data Model */ = {
			isa = PBXGroup;
			children = (
				D5F1ED861DFFF7D7009DCEE6 /* Model.swift */,
			);
			name = "Data Model";
			sourceTree = "<group>";
		};
		D580155E1DFE420D00A7068D /* Supporting Files */ = {
			isa = PBXGroup;
			children = (
				D58015531DFE3BC200A7068D /* Info.plist */,
			);
			name = "Supporting Files";
			sourceTree = "<group>";
		};
		D58015611DFE50DB00A7068D /* List Article */ = {
			isa = PBXGroup;
			children = (
				D58015641DFE51EA00A7068D /* User Interface */,
				D5F1ED981DFFFF79009DCEE6 /* Module Protocol */,
				D58015621DFE50E600A7068D /* Application Logic */,
			);
			name = "List Article";
			sourceTree = "<group>";
		};
		D58015621DFE50E600A7068D /* Application Logic */ = {
			isa = PBXGroup;
			children = (
				D58015651DFE535C00A7068D /* Interactor */,
			);
			name = "Application Logic";
			sourceTree = "<group>";
		};
		D58015641DFE51EA00A7068D /* User Interface */ = {
			isa = PBXGroup;
			children = (
				D58015691DFE538900A7068D /* Router */,
				D58015671DFE537B00A7068D /* View */,
				D58015681DFE538400A7068D /* Presenter */,
			);
			name = "User Interface";
			sourceTree = "<group>";
		};
		D58015651DFE535C00A7068D /* Interactor */ = {
			isa = PBXGroup;
			children = (
				D518FD5A1E004B0200389E0F /* ListInteractorInput.swift */,
				D518FD5C1E004B3D00389E0F /* ListInteractorOutput.swift */,
				D530597A1E00D70E00E616D4 /* ListInterator.swift */,
			);
			name = Interactor;
			sourceTree = "<group>";
		};
		D58015671DFE537B00A7068D /* View */ = {
			isa = PBXGroup;
			children = (
				D5F1ED8A1DFFF907009DCEE6 /* ArticleTableViewCell.swift */,
				D5F1ED8B1DFFF907009DCEE6 /* ArticleTableViewCell.xib */,
				D5F1ED8C1DFFF907009DCEE6 /* ListTableViewController.swift */,
				D5F1ED901DFFFC01009DCEE6 /* ListViewProtocol.swift */,
			);
			name = View;
			sourceTree = "<group>";
		};
		D58015681DFE538400A7068D /* Presenter */ = {
			isa = PBXGroup;
			children = (
				D5F1ED921DFFFDC3009DCEE6 /* ArticleList.swift */,
				D5F1ED941DFFFE76009DCEE6 /* ListPresenter.swift */,
			);
			name = Presenter;
			sourceTree = "<group>";
		};
		D58015691DFE538900A7068D /* Router */ = {
			isa = PBXGroup;
			children = (
				D5F1ED881DFFF8C6009DCEE6 /* ListWireframe.swift */,
			);
			name = Router;
			sourceTree = "<group>";
		};
		D5F1ED981DFFFF79009DCEE6 /* Module Protocol */ = {
			isa = PBXGroup;
			children = (
				D5F1ED991DFFFFDE009DCEE6 /* ListModuleProtocol.swift */,
			);
			name = "Module Protocol";
			sourceTree = "<group>";
		};
		FD445D5324B87D90C18F4B78 /* Pods */ = {
			isa = PBXGroup;
			children = (
				0620FDA352762BA6819616C2 /* Pods-VIPER-SWIFT3.debug.xcconfig */,
				C1F2F43D469E3E41F1D4D928 /* Pods-VIPER-SWIFT3.release.xcconfig */,
			);
			name = Pods;
			sourceTree = "<group>";
		};
/* End PBXGroup section */

/* Begin PBXNativeTarget section */
		D58015431DFE3BC200A7068D /* VIPER-SWIFT3 */ = {
			isa = PBXNativeTarget;
			buildConfigurationList = D58015561DFE3BC200A7068D /* Build configuration list for PBXNativeTarget "VIPER-SWIFT3" */;
			buildPhases = (
				48BB49B4ED3BE56D619DA853 /* [CP] Check Pods Manifest.lock */,
				D58015401DFE3BC200A7068D /* Sources */,
				D58015411DFE3BC200A7068D /* Frameworks */,
				D58015421DFE3BC200A7068D /* Resources */,
				BF151AD1E94C801F4E3B43AD /* [CP] Embed Pods Frameworks */,
				8979612EE41C6DD278ECCC76 /* [CP] Copy Pods Resources */,
			);
			buildRules = (
			);
			dependencies = (
			);
			name = "VIPER-SWIFT3";
			productName = "VIPER-SWIFT3";
			productReference = D58015441DFE3BC200A7068D /* VIPER-SWIFT3.app */;
			productType = "com.apple.product-type.application";
		};
/* End PBXNativeTarget section */

/* Begin PBXProject section */
		D580153C1DFE3BC200A7068D /* Project object */ = {
			isa = PBXProject;
			attributes = {
				LastSwiftUpdateCheck = 0810;
				LastUpgradeCheck = 0810;
				ORGANIZATIONNAME = "Lun Sovathana";
				TargetAttributes = {
					D58015431DFE3BC200A7068D = {
						CreatedOnToolsVersion = 8.1;
						DevelopmentTeam = S3L3V3L25C;
						ProvisioningStyle = Automatic;
					};
				};
			};
			buildConfigurationList = D580153F1DFE3BC200A7068D /* Build configuration list for PBXProject "VIPER-SWIFT3" */;
			compatibilityVersion = "Xcode 3.2";
			developmentRegion = English;
			hasScannedForEncodings = 0;
			knownRegions = (
				en,
				Base,
			);
			mainGroup = D580153B1DFE3BC200A7068D;
			productRefGroup = D58015451DFE3BC200A7068D /* Products */;
			projectDirPath = "";
			projectRoot = "";
			targets = (
				D58015431DFE3BC200A7068D /* VIPER-SWIFT3 */,
			);
		};
/* End PBXProject section */

/* Begin PBXResourcesBuildPhase section */
		D58015421DFE3BC200A7068D /* Resources */ = {
			isa = PBXResourcesBuildPhase;
			buildActionMask = 2147483647;
			files = (
				D5F1ED8E1DFFF907009DCEE6 /* ArticleTableViewCell.xib in Resources */,
				D58015521DFE3BC200A7068D /* LaunchScreen.storyboard in Resources */,
				D580154F1DFE3BC200A7068D /* Assets.xcassets in Resources */,
				D580154D1DFE3BC200A7068D /* Main.storyboard in Resources */,
			);
			runOnlyForDeploymentPostprocessing = 0;
		};
/* End PBXResourcesBuildPhase section */

/* Begin PBXShellScriptBuildPhase section */
		48BB49B4ED3BE56D619DA853 /* [CP] Check Pods Manifest.lock */ = {
			isa = PBXShellScriptBuildPhase;
			buildActionMask = 2147483647;
			files = (
			);
			inputPaths = (
			);
			name = "[CP] Check Pods Manifest.lock";
			outputPaths = (
			);
			runOnlyForDeploymentPostprocessing = 0;
			shellPath = /bin/sh;
			shellScript = "diff \"${PODS_ROOT}/../Podfile.lock\" \"${PODS_ROOT}/Manifest.lock\" > /dev/null\nif [ $? != 0 ] ; then\n    # print error to STDERR\n    echo \"error: The sandbox is not in sync with the Podfile.lock. Run 'pod install' or update your CocoaPods installation.\" >&2\n    exit 1\nfi\n";
			showEnvVarsInLog = 0;
		};
		8979612EE41C6DD278ECCC76 /* [CP] Copy Pods Resources */ = {
			isa = PBXShellScriptBuildPhase;
			buildActionMask = 2147483647;
			files = (
			);
			inputPaths = (
			);
			name = "[CP] Copy Pods Resources";
			outputPaths = (
			);
			runOnlyForDeploymentPostprocessing = 0;
			shellPath = /bin/sh;
			shellScript = "\"${SRCROOT}/Pods/Target Support Files/Pods-VIPER-SWIFT3/Pods-VIPER-SWIFT3-resources.sh\"\n";
			showEnvVarsInLog = 0;
		};
		BF151AD1E94C801F4E3B43AD /* [CP] Embed Pods Frameworks */ = {
			isa = PBXShellScriptBuildPhase;
			buildActionMask = 2147483647;
			files = (
			);
			inputPaths = (
			);
			name = "[CP] Embed Pods Frameworks";
			outputPaths = (
			);
			runOnlyForDeploymentPostprocessing = 0;
			shellPath = /bin/sh;
			shellScript = "\"${SRCROOT}/Pods/Target Support Files/Pods-VIPER-SWIFT3/Pods-VIPER-SWIFT3-frameworks.sh\"\n";
			showEnvVarsInLog = 0;
		};
/* End PBXShellScriptBuildPhase section */

/* Begin PBXSourcesBuildPhase section */
		D58015401DFE3BC200A7068D /* Sources */ = {
			isa = PBXSourcesBuildPhase;
			buildActionMask = 2147483647;
			files = (
				D5F1ED8D1DFFF907009DCEE6 /* ArticleTableViewCell.swift in Sources */,
				D530597B1E00D70E00E616D4 /* ListInterator.swift in Sources */,
				D530598A1E02294200E616D4 /* AddInteractor.swift in Sources */,
				D518FD5D1E004B3D00389E0F /* ListInteractorOutput.swift in Sources */,
				D5F1ED951DFFFE76009DCEE6 /* ListPresenter.swift in Sources */,
				D530597E1E00E69C00E616D4 /* API.swift in Sources */,
				D53059861E02277900E616D4 /* AddModuleDelegate.swift in Sources */,
				D518FD591E00350900389E0F /* AddWireframe.swift in Sources */,
				D518FD5B1E004B0200389E0F /* ListInteractorInput.swift in Sources */,
				D53059841E0226C800E616D4 /* AddModuleProtocol.swift in Sources */,
				D5F1ED911DFFFC01009DCEE6 /* ListViewProtocol.swift in Sources */,
				D53059801E00E81800E616D4 /* AppDependencies.swift in Sources */,
				D5F1ED9A1DFFFFDE009DCEE6 /* ListModuleProtocol.swift in Sources */,
				D5F1ED891DFFF8C6009DCEE6 /* ListWireframe.swift in Sources */,
				D5F1ED851DFFF713009DCEE6 /* RootWireframe.swift in Sources */,
				D53059881E0228C200E616D4 /* AddPresenter.swift in Sources */,
				D53059821E02266300E616D4 /* AddTableViewController.swift in Sources */,
				D5F1ED931DFFFDC3009DCEE6 /* ArticleList.swift in Sources */,
				D530598C1E02298600E616D4 /* AddInteractorIO.swift in Sources */,
				D5F1ED8F1DFFF907009DCEE6 /* ListTableViewController.swift in Sources */,
				D5F1ED871DFFF7D7009DCEE6 /* Model.swift in Sources */,
				D58015481DFE3BC200A7068D /* AppDelegate.swift in Sources */,
			);
			runOnlyForDeploymentPostprocessing = 0;
		};
/* End PBXSourcesBuildPhase section */

/* Begin PBXVariantGroup section */
		D580154B1DFE3BC200A7068D /* Main.storyboard */ = {
			isa = PBXVariantGroup;
			children = (
				D580154C1DFE3BC200A7068D /* Base */,
			);
			name = Main.storyboard;
			sourceTree = "<group>";
		};
		D58015501DFE3BC200A7068D /* LaunchScreen.storyboard */ = {
			isa = PBXVariantGroup;
			children = (
				D58015511DFE3BC200A7068D /* Base */,
			);
			name = LaunchScreen.storyboard;
			sourceTree = "<group>";
		};
/* End PBXVariantGroup section */

/* Begin XCBuildConfiguration section */
		D58015541DFE3BC200A7068D /* Debug */ = {
			isa = XCBuildConfiguration;
			buildSettings = {
				ALWAYS_SEARCH_USER_PATHS = NO;
				CLANG_ANALYZER_NONNULL = YES;
				CLANG_CXX_LANGUAGE_STANDARD = "gnu++0x";
				CLANG_CXX_LIBRARY = "libc++";
				CLANG_ENABLE_MODULES = YES;
				CLANG_ENABLE_OBJC_ARC = YES;
				CLANG_WARN_BOOL_CONVERSION = YES;
				CLANG_WARN_CONSTANT_CONVERSION = YES;
				CLANG_WARN_DIRECT_OBJC_ISA_USAGE = YES_ERROR;
				CLANG_WARN_DOCUMENTATION_COMMENTS = YES;
				CLANG_WARN_EMPTY_BODY = YES;
				CLANG_WARN_ENUM_CONVERSION = YES;
				CLANG_WARN_INFINITE_RECURSION = YES;
				CLANG_WARN_INT_CONVERSION = YES;
				CLANG_WARN_OBJC_ROOT_CLASS = YES_ERROR;
				CLANG_WARN_SUSPICIOUS_MOVE = YES;
				CLANG_WARN_SUSPICIOUS_MOVES = YES;
				CLANG_WARN_UNREACHABLE_CODE = YES;
				CLANG_WARN__DUPLICATE_METHOD_MATCH = YES;
				"CODE_SIGN_IDENTITY[sdk=iphoneos*]" = "iPhone Developer";
				COPY_PHASE_STRIP = NO;
				DEBUG_INFORMATION_FORMAT = dwarf;
				ENABLE_STRICT_OBJC_MSGSEND = YES;
				ENABLE_TESTABILITY = YES;
				GCC_C_LANGUAGE_STANDARD = gnu99;
				GCC_DYNAMIC_NO_PIC = NO;
				GCC_NO_COMMON_BLOCKS = YES;
				GCC_OPTIMIZATION_LEVEL = 0;
				GCC_PREPROCESSOR_DEFINITIONS = (
					"DEBUG=1",
					"$(inherited)",
				);
				GCC_WARN_64_TO_32_BIT_CONVERSION = YES;
				GCC_WARN_ABOUT_RETURN_TYPE = YES_ERROR;
				GCC_WARN_UNDECLARED_SELECTOR = YES;
				GCC_WARN_UNINITIALIZED_AUTOS = YES_AGGRESSIVE;
				GCC_WARN_UNUSED_FUNCTION = YES;
				GCC_WARN_UNUSED_VARIABLE = YES;
				IPHONEOS_DEPLOYMENT_TARGET = 10.1;
				MTL_ENABLE_DEBUG_INFO = YES;
				ONLY_ACTIVE_ARCH = YES;
				SDKROOT = iphoneos;
				SWIFT_ACTIVE_COMPILATION_CONDITIONS = DEBUG;
				SWIFT_OPTIMIZATION_LEVEL = "-Onone";
				TARGETED_DEVICE_FAMILY = "1,2";
			};
			name = Debug;
		};
		D58015551DFE3BC200A7068D /* Release */ = {
			isa = XCBuildConfiguration;
			buildSettings = {
				ALWAYS_SEARCH_USER_PATHS = NO;
				CLANG_ANALYZER_NONNULL = YES;
				CLANG_CXX_LANGUAGE_STANDARD = "gnu++0x";
				CLANG_CXX_LIBRARY = "libc++";
				CLANG_ENABLE_MODULES = YES;
				CLANG_ENABLE_OBJC_ARC = YES;
				CLANG_WARN_BOOL_CONVERSION = YES;
				CLANG_WARN_CONSTANT_CONVERSION = YES;
				CLANG_WARN_DIRECT_OBJC_ISA_USAGE = YES_ERROR;
				CLANG_WARN_DOCUMENTATION_COMMENTS = YES;
				CLANG_WARN_EMPTY_BODY = YES;
				CLANG_WARN_ENUM_CONVERSION = YES;
				CLANG_WARN_INFINITE_RECURSION = YES;
				CLANG_WARN_INT_CONVERSION = YES;
				CLANG_WARN_OBJC_ROOT_CLASS = YES_ERROR;
				CLANG_WARN_SUSPICIOUS_MOVE = YES;
				CLANG_WARN_SUSPICIOUS_MOVES = YES;
				CLANG_WARN_UNREACHABLE_CODE = YES;
				CLANG_WARN__DUPLICATE_METHOD_MATCH = YES;
				"CODE_SIGN_IDENTITY[sdk=iphoneos*]" = "iPhone Developer";
				COPY_PHASE_STRIP = NO;
				DEBUG_INFORMATION_FORMAT = "dwarf-with-dsym";
				ENABLE_NS_ASSERTIONS = NO;
				ENABLE_STRICT_OBJC_MSGSEND = YES;
				GCC_C_LANGUAGE_STANDARD = gnu99;
				GCC_NO_COMMON_BLOCKS = YES;
				GCC_WARN_64_TO_32_BIT_CONVERSION = YES;
				GCC_WARN_ABOUT_RETURN_TYPE = YES_ERROR;
				GCC_WARN_UNDECLARED_SELECTOR = YES;
				GCC_WARN_UNINITIALIZED_AUTOS = YES_AGGRESSIVE;
				GCC_WARN_UNUSED_FUNCTION = YES;
				GCC_WARN_UNUSED_VARIABLE = YES;
				IPHONEOS_DEPLOYMENT_TARGET = 10.1;
				MTL_ENABLE_DEBUG_INFO = NO;
				SDKROOT = iphoneos;
				SWIFT_OPTIMIZATION_LEVEL = "-Owholemodule";
				TARGETED_DEVICE_FAMILY = "1,2";
				VALIDATE_PRODUCT = YES;
			};
			name = Release;
		};
		D58015571DFE3BC200A7068D /* Debug */ = {
			isa = XCBuildConfiguration;
			baseConfigurationReference = 0620FDA352762BA6819616C2 /* Pods-VIPER-SWIFT3.debug.xcconfig */;
			buildSettings = {
				ALWAYS_EMBED_SWIFT_STANDARD_LIBRARIES = YES;
				ASSETCATALOG_COMPILER_APPICON_NAME = AppIcon;
				DEVELOPMENT_TEAM = S3L3V3L25C;
				INFOPLIST_FILE = "VIPER-SWIFT3/Info.plist";
				LD_RUNPATH_SEARCH_PATHS = "$(inherited) @executable_path/Frameworks";
				PRODUCT_BUNDLE_IDENTIFIER = "DevCambodia.VIPER-SWIFT3";
				PRODUCT_NAME = "$(TARGET_NAME)";
				SWIFT_VERSION = 3.0;
			};
			name = Debug;
		};
		D58015581DFE3BC200A7068D /* Release */ = {
			isa = XCBuildConfiguration;
			baseConfigurationReference = C1F2F43D469E3E41F1D4D928 /* Pods-VIPER-SWIFT3.release.xcconfig */;
			buildSettings = {
				ALWAYS_EMBED_SWIFT_STANDARD_LIBRARIES = YES;
				ASSETCATALOG_COMPILER_APPICON_NAME = AppIcon;
				DEVELOPMENT_TEAM = S3L3V3L25C;
				INFOPLIST_FILE = "VIPER-SWIFT3/Info.plist";
				LD_RUNPATH_SEARCH_PATHS = "$(inherited) @executable_path/Frameworks";
				PRODUCT_BUNDLE_IDENTIFIER = "DevCambodia.VIPER-SWIFT3";
				PRODUCT_NAME = "$(TARGET_NAME)";
				SWIFT_VERSION = 3.0;
			};
			name = Release;
		};
/* End XCBuildConfiguration section */

/* Begin XCConfigurationList section */
		D580153F1DFE3BC200A7068D /* Build configuration list for PBXProject "VIPER-SWIFT3" */ = {
			isa = XCConfigurationList;
			buildConfigurations = (
				D58015541DFE3BC200A7068D /* Debug */,
				D58015551DFE3BC200A7068D /* Release */,
			);
			defaultConfigurationIsVisible = 0;
			defaultConfigurationName = Release;
		};
		D58015561DFE3BC200A7068D /* Build configuration list for PBXNativeTarget "VIPER-SWIFT3" */ = {
			isa = XCConfigurationList;
			buildConfigurations = (
				D58015571DFE3BC200A7068D /* Debug */,
				D58015581DFE3BC200A7068D /* Release */,
			);
			defaultConfigurationIsVisible = 0;
			defaultConfigurationName = Release;
		};
/* End XCConfigurationList section */
	};
	rootObject = D580153C1DFE3BC200A7068D /* Project object */;
}
